// !$*UTF8*$!
{
	archiveVersion = 1;
	classes = {
	};
	objectVersion = 46;
	objects = {

/* Begin PBXBuildFile section */
		93396E501F77908800563664 /* main.m in Sources */ = {isa = PBXBuildFile; fileRef = 93396E4F1F77908800563664 /* main.m */; };
		93396E531F77908800563664 /* AppDelegate.m in Sources */ = {isa = PBXBuildFile; fileRef = 93396E521F77908800563664 /* AppDelegate.m */; };
		93396E561F77908800563664 /* ViewController.m in Sources */ = {isa = PBXBuildFile; fileRef = 93396E551F77908800563664 /* ViewController.m */; };
		93396E591F77908800563664 /* Main.storyboard in Resources */ = {isa = PBXBuildFile; fileRef = 93396E571F77908800563664 /* Main.storyboard */; };
		93396E5B1F77908800563664 /* Assets.xcassets in Resources */ = {isa = PBXBuildFile; fileRef = 93396E5A1F77908800563664 /* Assets.xcassets */; };
		93396E5E1F77908800563664 /* LaunchScreen.storyboard in Resources */ = {isa = PBXBuildFile; fileRef = 93396E5C1F77908800563664 /* LaunchScreen.storyboard */; };
		93396E6A1F7790F700563664 /* PregnancyPeriodCell.m in Sources */ = {isa = PBXBuildFile; fileRef = 93396E671F7790F700563664 /* PregnancyPeriodCell.m */; };
		93396E6B1F7790F700563664 /* QuestionCell.m in Sources */ = {isa = PBXBuildFile; fileRef = 93396E691F7790F700563664 /* QuestionCell.m */; };
		93396E6E1F77910900563664 /* QuestionCollectionModel.m in Sources */ = {isa = PBXBuildFile; fileRef = 93396E6D1F77910900563664 /* QuestionCollectionModel.m */; };
		93396E711F77914200563664 /* QuestionModel.m in Sources */ = {isa = PBXBuildFile; fileRef = 93396E701F77914200563664 /* QuestionModel.m */; };
		93396E761F7793C700563664 /* data.plist in Resources */ = {isa = PBXBuildFile; fileRef = 93396E751F7793C700563664 /* data.plist */; };
		93396E7D1F77943E00563664 /* NSObject+YYModel.m in Sources */ = {isa = PBXBuildFile; fileRef = 93396E791F77943E00563664 /* NSObject+YYModel.m */; };
		93396E7E1F77943E00563664 /* YYClassInfo.m in Sources */ = {isa = PBXBuildFile; fileRef = 93396E7B1F77943E00563664 /* YYClassInfo.m */; };
		93396E811F77952C00563664 /* UIColor+FlatUI.m in Sources */ = {isa = PBXBuildFile; fileRef = 93396E801F77952C00563664 /* UIColor+FlatUI.m */; };
		93DA8F751F4EC7330078163E /* main.m in Sources */ = {isa = PBXBuildFile; fileRef = 93DA8F741F4EC7330078163E /* main.m */; };
		93DA8F781F4EC7330078163E /* AppDelegate.m in Sources */ = {isa = PBXBuildFile; fileRef = 93DA8F771F4EC7330078163E /* AppDelegate.m */; };
		93DA8F7B1F4EC7330078163E /* ViewController.m in Sources */ = {isa = PBXBuildFile; fileRef = 93DA8F7A1F4EC7330078163E /* ViewController.m */; };
		93DA8F7E1F4EC7330078163E /* Main.storyboard in Resources */ = {isa = PBXBuildFile; fileRef = 93DA8F7C1F4EC7330078163E /* Main.storyboard */; };
		93DA8F801F4EC7330078163E /* Assets.xcassets in Resources */ = {isa = PBXBuildFile; fileRef = 93DA8F7F1F4EC7330078163E /* Assets.xcassets */; };
		93DA8F831F4EC7330078163E /* LaunchScreen.storyboard in Resources */ = {isa = PBXBuildFile; fileRef = 93DA8F811F4EC7330078163E /* LaunchScreen.storyboard */; };
		93DA8F921F4EC7480078163E /* main.m in Sources */ = {isa = PBXBuildFile; fileRef = 93DA8F911F4EC7480078163E /* main.m */; };
		93DA8F951F4EC7480078163E /* AppDelegate.m in Sources */ = {isa = PBXBuildFile; fileRef = 93DA8F941F4EC7480078163E /* AppDelegate.m */; };
		93DA8F981F4EC7480078163E /* ViewController.m in Sources */ = {isa = PBXBuildFile; fileRef = 93DA8F971F4EC7480078163E /* ViewController.m */; };
		93DA8F9B1F4EC7480078163E /* Main.storyboard in Resources */ = {isa = PBXBuildFile; fileRef = 93DA8F991F4EC7480078163E /* Main.storyboard */; };
		93DA8F9D1F4EC7480078163E /* Assets.xcassets in Resources */ = {isa = PBXBuildFile; fileRef = 93DA8F9C1F4EC7480078163E /* Assets.xcassets */; };
		93DA8FA01F4EC7480078163E /* LaunchScreen.storyboard in Resources */ = {isa = PBXBuildFile; fileRef = 93DA8F9E1F4EC7480078163E /* LaunchScreen.storyboard */; };
		93DA8FA71F4EC7680078163E /* product-7.png in Resources */ = {isa = PBXBuildFile; fileRef = 93DA8FA51F4EC7680078163E /* product-7.png */; };
		93DA8FA81F4EC7680078163E /* test.html in Resources */ = {isa = PBXBuildFile; fileRef = 93DA8FA61F4EC7680078163E /* test.html */; };
/* End PBXBuildFile section */

/* Begin PBXFileReference section */
		93396E4C1F77908800563664 /* 双列表联动（外卖App）.app */ = {isa = PBXFileReference; explicitFileType = wrapper.application; includeInIndex = 0; path = "双列表联动（外卖App）.app"; sourceTree = BUILT_PRODUCTS_DIR; };
		93396E4F1F77908800563664 /* main.m */ = {isa = PBXFileReference; lastKnownFileType = sourcecode.c.objc; path = main.m; sourceTree = "<group>"; };
		93396E511F77908800563664 /* AppDelegate.h */ = {isa = PBXFileReference; lastKnownFileType = sourcecode.c.h; path = AppDelegate.h; sourceTree = "<group>"; };
		93396E521F77908800563664 /* AppDelegate.m */ = {isa = PBXFileReference; lastKnownFileType = sourcecode.c.objc; path = AppDelegate.m; sourceTree = "<group>"; };
		93396E541F77908800563664 /* ViewController.h */ = {isa = PBXFileReference; lastKnownFileType = sourcecode.c.h; name = ViewController.h; path = ../ViewController.h; sourceTree = "<group>"; };
		93396E551F77908800563664 /* ViewController.m */ = {isa = PBXFileReference; lastKnownFileType = sourcecode.c.objc; name = ViewController.m; path = ../ViewController.m; sourceTree = "<group>"; };
		93396E581F77908800563664 /* Base */ = {isa = PBXFileReference; lastKnownFileType = file.storyboard; name = Base; path = Base.lproj/Main.storyboard; sourceTree = "<group>"; };
		93396E5A1F77908800563664 /* Assets.xcassets */ = {isa = PBXFileReference; lastKnownFileType = folder.assetcatalog; path = Assets.xcassets; sourceTree = "<group>"; };
		93396E5D1F77908800563664 /* Base */ = {isa = PBXFileReference; lastKnownFileType = file.storyboard; name = Base; path = Base.lproj/LaunchScreen.storyboard; sourceTree = "<group>"; };
		93396E5F1F77908800563664 /* Info.plist */ = {isa = PBXFileReference; lastKnownFileType = text.plist.xml; path = Info.plist; sourceTree = "<group>"; };
		93396E661F7790F700563664 /* PregnancyPeriodCell.h */ = {isa = PBXFileReference; fileEncoding = 4; lastKnownFileType = sourcecode.c.h; path = PregnancyPeriodCell.h; sourceTree = "<group>"; };
		93396E671F7790F700563664 /* PregnancyPeriodCell.m */ = {isa = PBXFileReference; fileEncoding = 4; lastKnownFileType = sourcecode.c.objc; path = PregnancyPeriodCell.m; sourceTree = "<group>"; };
		93396E681F7790F700563664 /* QuestionCell.h */ = {isa = PBXFileReference; fileEncoding = 4; lastKnownFileType = sourcecode.c.h; path = QuestionCell.h; sourceTree = "<group>"; };
		93396E691F7790F700563664 /* QuestionCell.m */ = {isa = PBXFileReference; fileEncoding = 4; lastKnownFileType = sourcecode.c.objc; path = QuestionCell.m; sourceTree = "<group>"; };
		93396E6C1F77910900563664 /* QuestionCollectionModel.h */ = {isa = PBXFileReference; fileEncoding = 4; lastKnownFileType = sourcecode.c.h; path = QuestionCollectionModel.h; sourceTree = "<group>"; };
		93396E6D1F77910900563664 /* QuestionCollectionModel.m */ = {isa = PBXFileReference; fileEncoding = 4; lastKnownFileType = sourcecode.c.objc; path = QuestionCollectionModel.m; sourceTree = "<group>"; };
		93396E6F1F77914200563664 /* QuestionModel.h */ = {isa = PBXFileReference; fileEncoding = 4; lastKnownFileType = sourcecode.c.h; path = QuestionModel.h; sourceTree = "<group>"; };
		93396E701F77914200563664 /* QuestionModel.m */ = {isa = PBXFileReference; fileEncoding = 4; lastKnownFileType = sourcecode.c.objc; path = QuestionModel.m; sourceTree = "<group>"; };
		93396E751F7793C700563664 /* data.plist */ = {isa = PBXFileReference; fileEncoding = 4; lastKnownFileType = text.plist.xml; path = data.plist; sourceTree = "<group>"; };
		93396E781F77943E00563664 /* NSObject+YYModel.h */ = {isa = PBXFileReference; fileEncoding = 4; lastKnownFileType = sourcecode.c.h; path = "NSObject+YYModel.h"; sourceTree = "<group>"; };
		93396E791F77943E00563664 /* NSObject+YYModel.m */ = {isa = PBXFileReference; fileEncoding = 4; lastKnownFileType = sourcecode.c.objc; path = "NSObject+YYModel.m"; sourceTree = "<group>"; };
		93396E7A1F77943E00563664 /* YYClassInfo.h */ = {isa = PBXFileReference; fileEncoding = 4; lastKnownFileType = sourcecode.c.h; path = YYClassInfo.h; sourceTree = "<group>"; };
		93396E7B1F77943E00563664 /* YYClassInfo.m */ = {isa = PBXFileReference; fileEncoding = 4; lastKnownFileType = sourcecode.c.objc; path = YYClassInfo.m; sourceTree = "<group>"; };
		93396E7C1F77943E00563664 /* YYModel.h */ = {isa = PBXFileReference; fileEncoding = 4; lastKnownFileType = sourcecode.c.h; path = YYModel.h; sourceTree = "<group>"; };
		93396E7F1F77952C00563664 /* UIColor+FlatUI.h */ = {isa = PBXFileReference; fileEncoding = 4; lastKnownFileType = sourcecode.c.h; path = "UIColor+FlatUI.h"; sourceTree = "<group>"; };
		93396E801F77952C00563664 /* UIColor+FlatUI.m */ = {isa = PBXFileReference; fileEncoding = 4; lastKnownFileType = sourcecode.c.objc; path = "UIColor+FlatUI.m"; sourceTree = "<group>"; };
		93DA8F701F4EC7330078163E /* 博文对应的小实验.app */ = {isa = PBXFileReference; explicitFileType = wrapper.application; includeInIndex = 0; path = "博文对应的小实验.app"; sourceTree = BUILT_PRODUCTS_DIR; };
		93DA8F741F4EC7330078163E /* main.m */ = {isa = PBXFileReference; lastKnownFileType = sourcecode.c.objc; path = main.m; sourceTree = "<group>"; };
		93DA8F761F4EC7330078163E /* AppDelegate.h */ = {isa = PBXFileReference; lastKnownFileType = sourcecode.c.h; path = AppDelegate.h; sourceTree = "<group>"; };
		93DA8F771F4EC7330078163E /* AppDelegate.m */ = {isa = PBXFileReference; lastKnownFileType = sourcecode.c.objc; path = AppDelegate.m; sourceTree = "<group>"; };
		93DA8F791F4EC7330078163E /* ViewController.h */ = {isa = PBXFileReference; lastKnownFileType = sourcecode.c.h; path = ViewController.h; sourceTree = "<group>"; };
		93DA8F7A1F4EC7330078163E /* ViewController.m */ = {isa = PBXFileReference; lastKnownFileType = sourcecode.c.objc; path = ViewController.m; sourceTree = "<group>"; };
		93DA8F7D1F4EC7330078163E /* Base */ = {isa = PBXFileReference; lastKnownFileType = file.storyboard; name = Base; path = Base.lproj/Main.storyboard; sourceTree = "<group>"; };
		93DA8F7F1F4EC7330078163E /* Assets.xcassets */ = {isa = PBXFileReference; lastKnownFileType = folder.assetcatalog; path = Assets.xcassets; sourceTree = "<group>"; };
		93DA8F821F4EC7330078163E /* Base */ = {isa = PBXFileReference; lastKnownFileType = file.storyboard; name = Base; path = Base.lproj/LaunchScreen.storyboard; sourceTree = "<group>"; };
		93DA8F841F4EC7330078163E /* Info.plist */ = {isa = PBXFileReference; lastKnownFileType = text.plist.xml; path = Info.plist; sourceTree = "<group>"; };
		93DA8F8E1F4EC7480078163E /* 模仿微信公众号网页效果，长按webview图片保存到相册.app */ = {isa = PBXFileReference; explicitFileType = wrapper.application; includeInIndex = 0; path = "模仿微信公众号网页效果，长按webview图片保存到相册.app"; sourceTree = BUILT_PRODUCTS_DIR; };
		93DA8F911F4EC7480078163E /* main.m */ = {isa = PBXFileReference; lastKnownFileType = sourcecode.c.objc; path = main.m; sourceTree = "<group>"; };
		93DA8F931F4EC7480078163E /* AppDelegate.h */ = {isa = PBXFileReference; lastKnownFileType = sourcecode.c.h; path = AppDelegate.h; sourceTree = "<group>"; };
		93DA8F941F4EC7480078163E /* AppDelegate.m */ = {isa = PBXFileReference; lastKnownFileType = sourcecode.c.objc; path = AppDelegate.m; sourceTree = "<group>"; };
		93DA8F961F4EC7480078163E /* ViewController.h */ = {isa = PBXFileReference; lastKnownFileType = sourcecode.c.h; path = ViewController.h; sourceTree = "<group>"; };
		93DA8F971F4EC7480078163E /* ViewController.m */ = {isa = PBXFileReference; lastKnownFileType = sourcecode.c.objc; path = ViewController.m; sourceTree = "<group>"; };
		93DA8F9A1F4EC7480078163E /* Base */ = {isa = PBXFileReference; lastKnownFileType = file.storyboard; name = Base; path = Base.lproj/Main.storyboard; sourceTree = "<group>"; };
		93DA8F9C1F4EC7480078163E /* Assets.xcassets */ = {isa = PBXFileReference; lastKnownFileType = folder.assetcatalog; path = Assets.xcassets; sourceTree = "<group>"; };
		93DA8F9F1F4EC7480078163E /* Base */ = {isa = PBXFileReference; lastKnownFileType = file.storyboard; name = Base; path = Base.lproj/LaunchScreen.storyboard; sourceTree = "<group>"; };
		93DA8FA11F4EC7480078163E /* Info.plist */ = {isa = PBXFileReference; lastKnownFileType = text.plist.xml; path = Info.plist; sourceTree = "<group>"; };
		93DA8FA51F4EC7680078163E /* product-7.png */ = {isa = PBXFileReference; lastKnownFileType = image.png; path = "product-7.png"; sourceTree = "<group>"; };
		93DA8FA61F4EC7680078163E /* test.html */ = {isa = PBXFileReference; fileEncoding = 4; lastKnownFileType = text.html; path = test.html; sourceTree = "<group>"; };
/* End PBXFileReference section */

/* Begin PBXFrameworksBuildPhase section */
		93396E491F77908800563664 /* Frameworks */ = {
			isa = PBXFrameworksBuildPhase;
			buildActionMask = 2147483647;
			files = (
			);
			runOnlyForDeploymentPostprocessing = 0;
		};
		93DA8F6D1F4EC7330078163E /* Frameworks */ = {
			isa = PBXFrameworksBuildPhase;
			buildActionMask = 2147483647;
			files = (
			);
			runOnlyForDeploymentPostprocessing = 0;
		};
		93DA8F8B1F4EC7480078163E /* Frameworks */ = {
			isa = PBXFrameworksBuildPhase;
			buildActionMask = 2147483647;
			files = (
			);
			runOnlyForDeploymentPostprocessing = 0;
		};
/* End PBXFrameworksBuildPhase section */

/* Begin PBXGroup section */
		93396E4D1F77908800563664 /* 双列表联动（外卖App） */ = {
			isa = PBXGroup;
			children = (
				93396E771F77943E00563664 /* YYModel */,
				93396E631F7790EE00563664 /* Controller */,
				93396E641F7790EE00563664 /* Model */,
				93396E651F7790EE00563664 /* View */,
				93396E511F77908800563664 /* AppDelegate.h */,
				93396E521F77908800563664 /* AppDelegate.m */,
				93396E7F1F77952C00563664 /* UIColor+FlatUI.h */,
				93396E801F77952C00563664 /* UIColor+FlatUI.m */,
				93396E751F7793C700563664 /* data.plist */,
				93396E5A1F77908800563664 /* Assets.xcassets */,
				93396E4E1F77908800563664 /* Supporting Files */,
			);
			path = "双列表联动（外卖App）";
			sourceTree = "<group>";
		};
		93396E4E1F77908800563664 /* Supporting Files */ = {
			isa = PBXGroup;
			children = (
				93396E571F77908800563664 /* Main.storyboard */,
				93396E5C1F77908800563664 /* LaunchScreen.storyboard */,
				93396E5F1F77908800563664 /* Info.plist */,
				93396E4F1F77908800563664 /* main.m */,
			);
			name = "Supporting Files";
			sourceTree = "<group>";
		};
		93396E631F7790EE00563664 /* Controller */ = {
			isa = PBXGroup;
			children = (
				93396E541F77908800563664 /* ViewController.h */,
				93396E551F77908800563664 /* ViewController.m */,
			);
			path = Controller;
			sourceTree = "<group>";
		};
		93396E641F7790EE00563664 /* Model */ = {
			isa = PBXGroup;
			children = (
				93396E6F1F77914200563664 /* QuestionModel.h */,
				93396E701F77914200563664 /* QuestionModel.m */,
				93396E6C1F77910900563664 /* QuestionCollectionModel.h */,
				93396E6D1F77910900563664 /* QuestionCollectionModel.m */,
			);
			path = Model;
			sourceTree = "<group>";
		};
		93396E651F7790EE00563664 /* View */ = {
			isa = PBXGroup;
			children = (
				93396E661F7790F700563664 /* PregnancyPeriodCell.h */,
				93396E671F7790F700563664 /* PregnancyPeriodCell.m */,
				93396E681F7790F700563664 /* QuestionCell.h */,
				93396E691F7790F700563664 /* QuestionCell.m */,
			);
			path = View;
			sourceTree = "<group>";
		};
		93396E771F77943E00563664 /* YYModel */ = {
			isa = PBXGroup;
			children = (
				93396E781F77943E00563664 /* NSObject+YYModel.h */,
				93396E791F77943E00563664 /* NSObject+YYModel.m */,
				93396E7A1F77943E00563664 /* YYClassInfo.h */,
				93396E7B1F77943E00563664 /* YYClassInfo.m */,
				93396E7C1F77943E00563664 /* YYModel.h */,
			);
			path = YYModel;
			sourceTree = "<group>";
		};
		93DA8F671F4EC7330078163E = {
			isa = PBXGroup;
			children = (
				93DA8F721F4EC7330078163E /* 博文对应的小实验 */,
				93DA8F8F1F4EC7480078163E /* 模仿微信公众号网页效果，长按webview图片保存到相册 */,
				93396E4D1F77908800563664 /* 双列表联动（外卖App） */,
				93DA8F711F4EC7330078163E /* Products */,
			);
			sourceTree = "<group>";
		};
		93DA8F711F4EC7330078163E /* Products */ = {
			isa = PBXGroup;
			children = (
				93DA8F701F4EC7330078163E /* 博文对应的小实验.app */,
				93DA8F8E1F4EC7480078163E /* 模仿微信公众号网页效果，长按webview图片保存到相册.app */,
				93396E4C1F77908800563664 /* 双列表联动（外卖App）.app */,
			);
			name = Products;
			sourceTree = "<group>";
		};
		93DA8F721F4EC7330078163E /* 博文对应的小实验 */ = {
			isa = PBXGroup;
			children = (
				93DA8F761F4EC7330078163E /* AppDelegate.h */,
				93DA8F771F4EC7330078163E /* AppDelegate.m */,
				93DA8F791F4EC7330078163E /* ViewController.h */,
				93DA8F7A1F4EC7330078163E /* ViewController.m */,
				93DA8F7C1F4EC7330078163E /* Main.storyboard */,
				93DA8F7F1F4EC7330078163E /* Assets.xcassets */,
				93DA8F811F4EC7330078163E /* LaunchScreen.storyboard */,
				93DA8F841F4EC7330078163E /* Info.plist */,
				93DA8F731F4EC7330078163E /* Supporting Files */,
			);
			path = "博文对应的小实验";
			sourceTree = "<group>";
		};
		93DA8F731F4EC7330078163E /* Supporting Files */ = {
			isa = PBXGroup;
			children = (
				93DA8F741F4EC7330078163E /* main.m */,
			);
			name = "Supporting Files";
			sourceTree = "<group>";
		};
		93DA8F8F1F4EC7480078163E /* 模仿微信公众号网页效果，长按webview图片保存到相册 */ = {
			isa = PBXGroup;
			children = (
				93DA8FA51F4EC7680078163E /* product-7.png */,
				93DA8FA61F4EC7680078163E /* test.html */,
				93DA8F931F4EC7480078163E /* AppDelegate.h */,
				93DA8F941F4EC7480078163E /* AppDelegate.m */,
				93DA8F961F4EC7480078163E /* ViewController.h */,
				93DA8F971F4EC7480078163E /* ViewController.m */,
				93DA8F901F4EC7480078163E /* Supporting Files */,
			);
			path = "模仿微信公众号网页效果，长按webview图片保存到相册";
			sourceTree = "<group>";
		};
		93DA8F901F4EC7480078163E /* Supporting Files */ = {
			isa = PBXGroup;
			children = (
				93DA8F991F4EC7480078163E /* Main.storyboard */,
				93DA8F9C1F4EC7480078163E /* Assets.xcassets */,
				93DA8F9E1F4EC7480078163E /* LaunchScreen.storyboard */,
				93DA8FA11F4EC7480078163E /* Info.plist */,
				93DA8F911F4EC7480078163E /* main.m */,
			);
			name = "Supporting Files";
			sourceTree = "<group>";
		};
/* End PBXGroup section */

/* Begin PBXNativeTarget section */
		93396E4B1F77908800563664 /* 双列表联动（外卖App） */ = {
			isa = PBXNativeTarget;
			buildConfigurationList = 93396E621F77908800563664 /* Build configuration list for PBXNativeTarget "双列表联动（外卖App）" */;
			buildPhases = (
				93396E481F77908800563664 /* Sources */,
				93396E491F77908800563664 /* Frameworks */,
				93396E4A1F77908800563664 /* Resources */,
			);
			buildRules = (
			);
			dependencies = (
			);
			name = "双列表联动（外卖App）";
			productName = "双列表联动（外卖App）";
			productReference = 93396E4C1F77908800563664 /* 双列表联动（外卖App）.app */;
			productType = "com.apple.product-type.application";
		};
		93DA8F6F1F4EC7330078163E /* 博文对应的小实验 */ = {
			isa = PBXNativeTarget;
			buildConfigurationList = 93DA8F871F4EC7330078163E /* Build configuration list for PBXNativeTarget "博文对应的小实验" */;
			buildPhases = (
				93DA8F6C1F4EC7330078163E /* Sources */,
				93DA8F6D1F4EC7330078163E /* Frameworks */,
				93DA8F6E1F4EC7330078163E /* Resources */,
			);
			buildRules = (
			);
			dependencies = (
			);
			name = "博文对应的小实验";
			productName = "博文对应的小实验";
			productReference = 93DA8F701F4EC7330078163E /* 博文对应的小实验.app */;
			productType = "com.apple.product-type.application";
		};
		93DA8F8D1F4EC7480078163E /* 模仿微信公众号网页效果，长按webview图片保存到相册 */ = {
			isa = PBXNativeTarget;
			buildConfigurationList = 93DA8FA21F4EC7480078163E /* Build configuration list for PBXNativeTarget "模仿微信公众号网页效果，长按webview图片保存到相册" */;
			buildPhases = (
				93DA8F8A1F4EC7480078163E /* Sources */,
				93DA8F8B1F4EC7480078163E /* Frameworks */,
				93DA8F8C1F4EC7480078163E /* Resources */,
			);
			buildRules = (
			);
			dependencies = (
			);
			name = "模仿微信公众号网页效果，长按webview图片保存到相册";
			productName = "模仿微信公众号网页效果，长按webview图片保存到相册";
			productReference = 93DA8F8E1F4EC7480078163E /* 模仿微信公众号网页效果，长按webview图片保存到相册.app */;
			productType = "com.apple.product-type.application";
		};
/* End PBXNativeTarget section */

/* Begin PBXProject section */
		93DA8F681F4EC7330078163E /* Project object */ = {
			isa = PBXProject;
			attributes = {
				LastUpgradeCheck = 0830;
				ORGANIZATIONNAME = "杭城小刘";
				TargetAttributes = {
					93396E4B1F77908800563664 = {
						CreatedOnToolsVersion = 8.3.3;
						ProvisioningStyle = Automatic;
					};
					93DA8F6F1F4EC7330078163E = {
						CreatedOnToolsVersion = 8.3.3;
						ProvisioningStyle = Automatic;
					};
					93DA8F8D1F4EC7480078163E = {
						CreatedOnToolsVersion = 8.3.3;
						ProvisioningStyle = Automatic;
					};
				};
			};
			buildConfigurationList = 93DA8F6B1F4EC7330078163E /* Build configuration list for PBXProject "博文对应的小实验" */;
			compatibilityVersion = "Xcode 3.2";
			developmentRegion = English;
			hasScannedForEncodings = 0;
			knownRegions = (
				en,
				Base,
			);
			mainGroup = 93DA8F671F4EC7330078163E;
			productRefGroup = 93DA8F711F4EC7330078163E /* Products */;
			projectDirPath = "";
			projectRoot = "";
			targets = (
				93DA8F6F1F4EC7330078163E /* 博文对应的小实验 */,
				93DA8F8D1F4EC7480078163E /* 模仿微信公众号网页效果，长按webview图片保存到相册 */,
				93396E4B1F77908800563664 /* 双列表联动（外卖App） */,
			);
		};
/* End PBXProject section */

/* Begin PBXResourcesBuildPhase section */
		93396E4A1F77908800563664 /* Resources */ = {
			isa = PBXResourcesBuildPhase;
			buildActionMask = 2147483647;
			files = (
				93396E5E1F77908800563664 /* LaunchScreen.storyboard in Resources */,
				93396E5B1F77908800563664 /* Assets.xcassets in Resources */,
				93396E761F7793C700563664 /* data.plist in Resources */,
				93396E591F77908800563664 /* Main.storyboard in Resources */,
			);
			runOnlyForDeploymentPostprocessing = 0;
		};
		93DA8F6E1F4EC7330078163E /* Resources */ = {
			isa = PBXResourcesBuildPhase;
			buildActionMask = 2147483647;
			files = (
				93DA8F831F4EC7330078163E /* LaunchScreen.storyboard in Resources */,
				93DA8F801F4EC7330078163E /* Assets.xcassets in Resources */,
				93DA8F7E1F4EC7330078163E /* Main.storyboard in Resources */,
			);
			runOnlyForDeploymentPostprocessing = 0;
		};
		93DA8F8C1F4EC7480078163E /* Resources */ = {
			isa = PBXResourcesBuildPhase;
			buildActionMask = 2147483647;
			files = (
				93DA8FA01F4EC7480078163E /* LaunchScreen.storyboard in Resources */,
				93DA8FA71F4EC7680078163E /* product-7.png in Resources */,
				93DA8F9D1F4EC7480078163E /* Assets.xcassets in Resources */,
				93DA8FA81F4EC7680078163E /* test.html in Resources */,
				93DA8F9B1F4EC7480078163E /* Main.storyboard in Resources */,
			);
			runOnlyForDeploymentPostprocessing = 0;
		};
/* End PBXResourcesBuildPhase section */

/* Begin PBXSourcesBuildPhase section */
		93396E481F77908800563664 /* Sources */ = {
			isa = PBXSourcesBuildPhase;
			buildActionMask = 2147483647;
			files = (
				93396E811F77952C00563664 /* UIColor+FlatUI.m in Sources */,
				93396E7D1F77943E00563664 /* NSObject+YYModel.m in Sources */,
				93396E6B1F7790F700563664 /* QuestionCell.m in Sources */,
				93396E6E1F77910900563664 /* QuestionCollectionModel.m in Sources */,
				93396E561F77908800563664 /* ViewController.m in Sources */,
				93396E531F77908800563664 /* AppDelegate.m in Sources */,
				93396E6A1F7790F700563664 /* PregnancyPeriodCell.m in Sources */,
				93396E711F77914200563664 /* QuestionModel.m in Sources */,
				93396E7E1F77943E00563664 /* YYClassInfo.m in Sources */,
				93396E501F77908800563664 /* main.m in Sources */,
			);
			runOnlyForDeploymentPostprocessing = 0;
		};
		93DA8F6C1F4EC7330078163E /* Sources */ = {
			isa = PBXSourcesBuildPhase;
			buildActionMask = 2147483647;
			files = (
				93DA8F7B1F4EC7330078163E /* ViewController.m in Sources */,
				93DA8F781F4EC7330078163E /* AppDelegate.m in Sources */,
				93DA8F751F4EC7330078163E /* main.m in Sources */,
			);
			runOnlyForDeploymentPostprocessing = 0;
		};
		93DA8F8A1F4EC7480078163E /* Sources */ = {
			isa = PBXSourcesBuildPhase;
			buildActionMask = 2147483647;
			files = (
				93DA8F981F4EC7480078163E /* ViewController.m in Sources */,
				93DA8F951F4EC7480078163E /* AppDelegate.m in Sources */,
				93DA8F921F4EC7480078163E /* main.m in Sources */,
			);
			runOnlyForDeploymentPostprocessing = 0;
		};
/* End PBXSourcesBuildPhase section */

/* Begin PBXVariantGroup section */
		93396E571F77908800563664 /* Main.storyboard */ = {
			isa = PBXVariantGroup;
			children = (
				93396E581F77908800563664 /* Base */,
			);
			name = Main.storyboard;
			sourceTree = "<group>";
		};
		93396E5C1F77908800563664 /* LaunchScreen.storyboard */ = {
			isa = PBXVariantGroup;
			children = (
				93396E5D1F77908800563664 /* Base */,
			);
			name = LaunchScreen.storyboard;
			sourceTree = "<group>";
		};
		93DA8F7C1F4EC7330078163E /* Main.storyboard */ = {
			isa = PBXVariantGroup;
			children = (
				93DA8F7D1F4EC7330078163E /* Base */,
			);
			name = Main.storyboard;
			sourceTree = "<group>";
		};
		93DA8F811F4EC7330078163E /* LaunchScreen.storyboard */ = {
			isa = PBXVariantGroup;
			children = (
				93DA8F821F4EC7330078163E /* Base */,
			);
			name = LaunchScreen.storyboard;
			sourceTree = "<group>";
		};
		93DA8F991F4EC7480078163E /* Main.storyboard */ = {
			isa = PBXVariantGroup;
			children = (
				93DA8F9A1F4EC7480078163E /* Base */,
			);
			name = Main.storyboard;
			sourceTree = "<group>";
		};
		93DA8F9E1F4EC7480078163E /* LaunchScreen.storyboard */ = {
			isa = PBXVariantGroup;
			children = (
				93DA8F9F1F4EC7480078163E /* Base */,
			);
			name = LaunchScreen.storyboard;
			sourceTree = "<group>";
		};
/* End PBXVariantGroup section */

/* Begin XCBuildConfiguration section */
		93396E601F77908800563664 /* Debug */ = {
			isa = XCBuildConfiguration;
			buildSettings = {
				ASSETCATALOG_COMPILER_APPICON_NAME = AppIcon;
				INFOPLIST_FILE = "双列表联动（外卖App）/Info.plist";
				LD_RUNPATH_SEARCH_PATHS = "$(inherited) @executable_path/Frameworks";
				PRODUCT_BUNDLE_IDENTIFIER = "com.geek.--------App-";
				PRODUCT_NAME = "$(TARGET_NAME)";
			};
			name = Debug;
		};
		93396E611F77908800563664 /* Release */ = {
			isa = XCBuildConfiguration;
			buildSettings = {
				ASSETCATALOG_COMPILER_APPICON_NAME = AppIcon;
				INFOPLIST_FILE = "双列表联动（外卖App）/Info.plist";
				LD_RUNPATH_SEARCH_PATHS = "$(inherited) @executable_path/Frameworks";
				PRODUCT_BUNDLE_IDENTIFIER = "com.geek.--------App-";
				PRODUCT_NAME = "$(TARGET_NAME)";
			};
			name = Release;
		};
		93DA8F851F4EC7330078163E /* Debug */ = {
			isa = XCBuildConfiguration;
			buildSettings = {
				ALWAYS_SEARCH_USER_PATHS = NO;
				CLANG_ANALYZER_NONNULL = YES;
				CLANG_ANALYZER_NUMBER_OBJECT_CONVERSION = YES_AGGRESSIVE;
				CLANG_CXX_LANGUAGE_STANDARD = "gnu++0x";
				CLANG_CXX_LIBRARY = "libc++";
				CLANG_ENABLE_MODULES = YES;
				CLANG_ENABLE_OBJC_ARC = YES;
				CLANG_WARN_BOOL_CONVERSION = YES;
				CLANG_WARN_CONSTANT_CONVERSION = YES;
				CLANG_WARN_DIRECT_OBJC_ISA_USAGE = YES_ERROR;
				CLANG_WARN_DOCUMENTATION_COMMENTS = YES;
				CLANG_WARN_EMPTY_BODY = YES;
				CLANG_WARN_ENUM_CONVERSION = YES;
				CLANG_WARN_INFINITE_RECURSION = YES;
				CLANG_WARN_INT_CONVERSION = YES;
				CLANG_WARN_OBJC_ROOT_CLASS = YES_ERROR;
				CLANG_WARN_SUSPICIOUS_MOVE = YES;
				CLANG_WARN_UNREACHABLE_CODE = YES;
				CLANG_WARN__DUPLICATE_METHOD_MATCH = YES;
				"CODE_SIGN_IDENTITY[sdk=iphoneos*]" = "iPhone Developer";
				COPY_PHASE_STRIP = NO;
				DEBUG_INFORMATION_FORMAT = dwarf;
				ENABLE_STRICT_OBJC_MSGSEND = YES;
				ENABLE_TESTABILITY = YES;
				GCC_C_LANGUAGE_STANDARD = gnu99;
				GCC_DYNAMIC_NO_PIC = NO;
				GCC_NO_COMMON_BLOCKS = YES;
				GCC_OPTIMIZATION_LEVEL = 0;
				GCC_PREPROCESSOR_DEFINITIONS = (
					"DEBUG=1",
					"$(inherited)",
				);
				GCC_WARN_64_TO_32_BIT_CONVERSION = YES;
				GCC_WARN_ABOUT_RETURN_TYPE = YES_ERROR;
				GCC_WARN_UNDECLARED_SELECTOR = YES;
				GCC_WARN_UNINITIALIZED_AUTOS = YES_AGGRESSIVE;
				GCC_WARN_UNUSED_FUNCTION = YES;
				GCC_WARN_UNUSED_VARIABLE = YES;
				IPHONEOS_DEPLOYMENT_TARGET = 10.3;
				MTL_ENABLE_DEBUG_INFO = YES;
				ONLY_ACTIVE_ARCH = YES;
				SDKROOT = iphoneos;
				TARGETED_DEVICE_FAMILY = "1,2";
			};
			name = Debug;
		};
		93DA8F861F4EC7330078163E /* Release */ = {
			isa = XCBuildConfiguration;
			buildSettings = {
				ALWAYS_SEARCH_USER_PATHS = NO;
				CLANG_ANALYZER_NONNULL = YES;
				CLANG_ANALYZER_NUMBER_OBJECT_CONVERSION = YES_AGGRESSIVE;
				CLANG_CXX_LANGUAGE_STANDARD = "gnu++0x";
				CLANG_CXX_LIBRARY = "libc++";
				CLANG_ENABLE_MODULES = YES;
				CLANG_ENABLE_OBJC_ARC = YES;
				CLANG_WARN_BOOL_CONVERSION = YES;
				CLANG_WARN_CONSTANT_CONVERSION = YES;
				CLANG_WARN_DIRECT_OBJC_ISA_USAGE = YES_ERROR;
				CLANG_WARN_DOCUMENTATION_COMMENTS = YES;
				CLANG_WARN_EMPTY_BODY = YES;
				CLANG_WARN_ENUM_CONVERSION = YES;
				CLANG_WARN_INFINITE_RECURSION = YES;
				CLANG_WARN_INT_CONVERSION = YES;
				CLANG_WARN_OBJC_ROOT_CLASS = YES_ERROR;
				CLANG_WARN_SUSPICIOUS_MOVE = YES;
				CLANG_WARN_UNREACHABLE_CODE = YES;
				CLANG_WARN__DUPLICATE_METHOD_MATCH = YES;
				"CODE_SIGN_IDENTITY[sdk=iphoneos*]" = "iPhone Developer";
				COPY_PHASE_STRIP = NO;
				DEBUG_INFORMATION_FORMAT = "dwarf-with-dsym";
				ENABLE_NS_ASSERTIONS = NO;
				ENABLE_STRICT_OBJC_MSGSEND = YES;
				GCC_C_LANGUAGE_STANDARD = gnu99;
				GCC_NO_COMMON_BLOCKS = YES;
				GCC_WARN_64_TO_32_BIT_CONVERSION = YES;
				GCC_WARN_ABOUT_RETURN_TYPE = YES_ERROR;
				GCC_WARN_UNDECLARED_SELECTOR = YES;
				GCC_WARN_UNINITIALIZED_AUTOS = YES_AGGRESSIVE;
				GCC_WARN_UNUSED_FUNCTION = YES;
				GCC_WARN_UNUSED_VARIABLE = YES;
				IPHONEOS_DEPLOYMENT_TARGET = 10.3;
				MTL_ENABLE_DEBUG_INFO = NO;
				SDKROOT = iphoneos;
				TARGETED_DEVICE_FAMILY = "1,2";
				VALIDATE_PRODUCT = YES;
			};
			name = Release;
		};
		93DA8F881F4EC7330078163E /* Debug */ = {
			isa = XCBuildConfiguration;
			buildSettings = {
				ASSETCATALOG_COMPILER_APPICON_NAME = AppIcon;
				INFOPLIST_FILE = "博文对应的小实验/Info.plist";
				LD_RUNPATH_SEARCH_PATHS = "$(inherited) @executable_path/Frameworks";
				PRODUCT_BUNDLE_IDENTIFIER = "com.geek.--------";
				PRODUCT_NAME = "$(TARGET_NAME)";
			};
			name = Debug;
		};
		93DA8F891F4EC7330078163E /* Release */ = {
			isa = XCBuildConfiguration;
			buildSettings = {
				ASSETCATALOG_COMPILER_APPICON_NAME = AppIcon;
				INFOPLIST_FILE = "博文对应的小实验/Info.plist";
				LD_RUNPATH_SEARCH_PATHS = "$(inherited) @executable_path/Frameworks";
				PRODUCT_BUNDLE_IDENTIFIER = "com.geek.--------";
				PRODUCT_NAME = "$(TARGET_NAME)";
			};
			name = Release;
		};
		93DA8FA31F4EC7480078163E /* Debug */ = {
			isa = XCBuildConfiguration;
			buildSettings = {
				ASSETCATALOG_COMPILER_APPICON_NAME = AppIcon;
				INFOPLIST_FILE = "模仿微信公众号网页效果，长按webview图片保存到相册/Info.plist";
				LD_RUNPATH_SEARCH_PATHS = "$(inherited) @executable_path/Frameworks";
				PRODUCT_BUNDLE_IDENTIFIER = "com.geek.--------------webview-------";
				PRODUCT_NAME = "$(TARGET_NAME)";
			};
			name = Debug;
		};
		93DA8FA41F4EC7480078163E /* Release */ = {
			isa = XCBuildConfiguration;
			buildSettings = {
				ASSETCATALOG_COMPILER_APPICON_NAME = AppIcon;
				INFOPLIST_FILE = "模仿微信公众号网页效果，长按webview图片保存到相册/Info.plist";
				LD_RUNPATH_SEARCH_PATHS = "$(inherited) @executable_path/Frameworks";
				PRODUCT_BUNDLE_IDENTIFIER = "com.geek.--------------webview-------";
				PRODUCT_NAME = "$(TARGET_NAME)";
			};
			name = Release;
		};
/* End XCBuildConfiguration section */

/* Begin XCConfigurationList section */
		93396E621F77908800563664 /* Build configuration list for PBXNativeTarget "双列表联动（外卖App）" */ = {
			isa = XCConfigurationList;
			buildConfigurations = (
				93396E601F77908800563664 /* Debug */,
				93396E611F77908800563664 /* Release */,
			);
			defaultConfigurationIsVisible = 0;
		};
		93DA8F6B1F4EC7330078163E /* Build configuration list for PBXProject "博文对应的小实验" */ = {
			isa = XCConfigurationList;
			buildConfigurations = (
				93DA8F851F4EC7330078163E /* Debug */,
				93DA8F861F4EC7330078163E /* Release */,
			);
			defaultConfigurationIsVisible = 0;
			defaultConfigurationName = Release;
		};
		93DA8F871F4EC7330078163E /* Build configuration list for PBXNativeTarget "博文对应的小实验" */ = {
			isa = XCConfigurationList;
			buildConfigurations = (
				93DA8F881F4EC7330078163E /* Debug */,
				93DA8F891F4EC7330078163E /* Release */,
			);
			defaultConfigurationIsVisible = 0;
			defaultConfigurationName = Release;
		};
		93DA8FA21F4EC7480078163E /* Build configuration list for PBXNativeTarget "模仿微信公众号网页效果，长按webview图片保存到相册" */ = {
			isa = XCConfigurationList;
			buildConfigurations = (
				93DA8FA31F4EC7480078163E /* Debug */,
				93DA8FA41F4EC7480078163E /* Release */,
			);
			defaultConfigurationIsVisible = 0;
			defaultConfigurationName = Release;
		};
/* End XCConfigurationList section */
	};
	rootObject = 93DA8F681F4EC7330078163E /* Project object */;
}
