<?xml version="1.0" encoding="UTF-8"?>
<Scheme
   LastUpgradeVersion = "1010"
   version = "1.3">
   <BuildAction
      parallelizeBuildables = "YES"
      buildImplicitDependencies = "YES">
      <BuildActionEntries>
         <BuildActionEntry
            buildForTesting = "YES"
            buildForRunning = "YES"
            buildForProfiling = "YES"
            buildForArchiving = "YES"
            buildForAnalyzing = "YES">
            <BuildableReference
               BuildableIdentifier = "primary"
               BlueprintIdentifier = "6E06040620C6F15F00EA9766"
               BuildableName = "&#x590d;&#x5236;&#x5c42;&#x5e94;&#x7528;3-&#x7c92;&#x5b50;&#x95ea;&#x70c1;&#x6548;&#x679c;.app"
               BlueprintName = "&#x590d;&#x5236;&#x5c42;&#x5e94;&#x7528;3-&#x7c92;&#x5b50;&#x95ea;&#x70c1;&#x6548;&#x679c;"
               ReferencedContainer = "container:&#x535a;&#x6587;&#x5bf9;&#x5e94;&#x7684;&#x5c0f;&#x5b9e;&#x9a8c;.xcodeproj">
            </BuildableReference>
         </BuildActionEntry>
      </BuildActionEntries>
   </BuildAction>
   <TestAction
      buildConfiguration = "Debug"
      selectedDebuggerIdentifier = "Xcode.DebuggerFoundation.Debugger.LLDB"
      selectedLauncherIdentifier = "Xcode.DebuggerFoundation.Launcher.LLDB"
      shouldUseLaunchSchemeArgsEnv = "YES">
      <Testables>
      </Testables>
      <MacroExpansion>
         <BuildableReference
            BuildableIdentifier = "primary"
            BlueprintIdentifier = "6E06040620C6F15F00EA9766"
            BuildableName = "&#x590d;&#x5236;&#x5c42;&#x5e94;&#x7528;3-&#x7c92;&#x5b50;&#x95ea;&#x70c1;&#x6548;&#x679c;.app"
            BlueprintName = "&#x590d;&#x5236;&#x5c42;&#x5e94;&#x7528;3-&#x7c92;&#x5b50;&#x95ea;&#x70c1;&#x6548;&#x679c;"
            ReferencedContainer = "container:&#x535a;&#x6587;&#x5bf9;&#x5e94;&#x7684;&#x5c0f;&#x5b9e;&#x9a8c;.xcodeproj">
         </BuildableReference>
      </MacroExpansion>
      <AdditionalOptions>
      </AdditionalOptions>
   </TestAction>
   <LaunchAction
      buildConfiguration = "Debug"
      selectedDebuggerIdentifier = "Xcode.DebuggerFoundation.Debugger.LLDB"
      selectedLauncherIdentifier = "Xcode.DebuggerFoundation.Launcher.LLDB"
      launchStyle = "0"
      useCustomWorkingDirectory = "NO"
      ignoresPersistentStateOnLaunch = "NO"
      debugDocumentVersioning = "YES"
      debugServiceExtension = "internal"
      allowLocationSimulation = "YES">
      <BuildableProductRunnable
         runnableDebuggingMode = "0">
         <BuildableReference
            BuildableIdentifier = "primary"
            BlueprintIdentifier = "6E06040620C6F15F00EA9766"
            BuildableName = "&#x590d;&#x5236;&#x5c42;&#x5e94;&#x7528;3-&#x7c92;&#x5b50;&#x95ea;&#x70c1;&#x6548;&#x679c;.app"
            BlueprintName = "&#x590d;&#x5236;&#x5c42;&#x5e94;&#x7528;3-&#x7c92;&#x5b50;&#x95ea;&#x70c1;&#x6548;&#x679c;"
            ReferencedContainer = "container:&#x535a;&#x6587;&#x5bf9;&#x5e94;&#x7684;&#x5c0f;&#x5b9e;&#x9a8c;.xcodeproj">
         </BuildableReference>
      </BuildableProductRunnable>
      <AdditionalOptions>
      </AdditionalOptions>
   </LaunchAction>
   <ProfileAction
      buildConfiguration = "Release"
      shouldUseLaunchSchemeArgsEnv = "YES"
      savedToolIdentifier = ""
      useCustomWorkingDirectory = "NO"
      debugDocumentVersioning = "YES">
      <BuildableProductRunnable
         runnableDebuggingMode = "0">
         <BuildableReference
            BuildableIdentifier = "primary"
            BlueprintIdentifier = "6E06040620C6F15F00EA9766"
            BuildableName = "&#x590d;&#x5236;&#x5c42;&#x5e94;&#x7528;3-&#x7c92;&#x5b50;&#x95ea;&#x70c1;&#x6548;&#x679c;.app"
            BlueprintName = "&#x590d;&#x5236;&#x5c42;&#x5e94;&#x7528;3-&#x7c92;&#x5b50;&#x95ea;&#x70c1;&#x6548;&#x679c;"
            ReferencedContainer = "container:&#x535a;&#x6587;&#x5bf9;&#x5e94;&#x7684;&#x5c0f;&#x5b9e;&#x9a8c;.xcodeproj">
         </BuildableReference>
      </BuildableProductRunnable>
   </ProfileAction>
   <AnalyzeAction
      buildConfiguration = "Debug">
   </AnalyzeAction>
   <ArchiveAction
      buildConfiguration = "Release"
      revealArchiveInOrganizer = "YES">
   </ArchiveAction>
</Scheme>
